{
    "_meta": {
        "hash": {
            "sha256": "2bf088a0344a106c4e5a19eb03522cd8c96fb234968bcfff6a52e6732d9838d1"
        },
        "pipfile-spec": 6,
        "requires": {
            "python_version": "3.7"
        },
        "sources": [
            {
                "name": "pypi",
                "url": "https://pypi.org/simple",
                "verify_ssl": true
            }
        ]
    },
    "default": {},
    "develop": {
        "atomicwrites": {
            "hashes": [
                "sha256:81b2c9071a49367a7f770170e5eec8cb66567cfbbc8c73d20ce5ca4a8d71cf11"
            ],
            "version": "==1.4.1"
        },
        "attrs": {
            "hashes": [
                "sha256:29adc2665447e5191d0e7c568fde78b21f9672d344281d0c6e1ab085429b22b6",
                "sha256:86efa402f67bf2df34f51a335487cf46b1ec130d02b8d39fd248abfd30da551c"
            ],
            "markers": "python_version >= '3.5'",
            "version": "==22.1.0"
        },
        "backcall": {
            "hashes": [
                "sha256:5cbdbf27be5e7cfadb448baf0aa95508f91f2bbc6c6437cd9cd06e2a4c215e1e",
                "sha256:fbbce6a29f263178a1f7915c1940bde0ec2b2a967566fe1c65c1dfb7422bd255"
            ],
            "version": "==0.2.0"
        },
        "decorator": {
            "hashes": [
                "sha256:637996211036b6385ef91435e4fae22989472f9d571faba8927ba8253acbc330",
                "sha256:b8c3f85900b9dc423225913c5aace94729fe1fa9763b38939a95226f02d37186"
            ],
            "markers": "python_version >= '3.5'",
            "version": "==5.1.1"
        },
        "gprof2dot": {
            "hashes": [
                "sha256:45b4d298bd36608fccf9511c3fd88a773f7a1abc04d6cd39445b11ba43133ec5",
                "sha256:f165b3851d3c52ee4915eb1bd6cca571e5759823c2cd0f71a79bda93c2dc85d6"
            ],
            "markers": "python_version >= '2.7'",
            "version": "==2022.7.29"
        },
        "importlib-metadata": {
            "hashes": [
                "sha256:d5059f9f1e8e41f80e9c56c2ee58811450c31984dfa625329ffd7c0dad88a73b",
                "sha256:d84d17e21670ec07990e1044a99efe8d615d860fd176fc29ef5c306068fda313"
            ],
            "markers": "python_version < '3.8'",
            "version": "==5.1.0"
        },
        "ipython": {
            "hashes": [
                "sha256:6a9496209b76463f1dec126ab928919aaf1f55b38beb9219af3fe202f6bbdd12",
                "sha256:f69932b1e806b38a7818d9a1e918e5821b685715040b48e59c657b3c7961b742"
            ],
            "index": "pypi",
            "version": "==7.2.0"
        },
        "jedi": {
            "hashes": [
                "sha256:203c1fd9d969ab8f2119ec0a3342e0b49910045abe6af0a3ae83a5764d54639e",
                "sha256:bae794c30d07f6d910d32a7048af09b5a39ed740918da923c6b780790ebac612"
            ],
            "markers": "python_version >= '3.6'",
            "version": "==0.18.2"
        },
        "more-itertools": {
            "hashes": [
                "sha256:250e83d7e81d0c87ca6bd942e6aeab8cc9daa6096d12c5308f3f92fa5e5c1f41",
                "sha256:5a6257e40878ef0520b1803990e3e22303a41b5714006c32a3fd8304b26ea1ab"
            ],
            "markers": "python_version >= '3.7'",
            "version": "==9.0.0"
        },
        "parso": {
            "hashes": [
                "sha256:8c07be290bb59f03588915921e29e8a50002acaf2cdc5fa0e0114f91709fafa0",
                "sha256:c001d4636cd3aecdaf33cbb40aebb59b094be2a74c556778ef5576c175e19e75"
            ],
            "markers": "python_version >= '3.6'",
            "version": "==0.8.3"
        },
        "pexpect": {
            "hashes": [
                "sha256:0b48a55dcb3c05f3329815901ea4fc1537514d6ba867a152b581d69ae3710937",
                "sha256:fc65a43959d153d0114afe13997d439c22823a27cefceb5ff35c2178c6784c0c"
            ],
            "markers": "sys_platform != 'win32'",
            "version": "==4.8.0"
        },
        "pickleshare": {
            "hashes": [
                "sha256:87683d47965c1da65cdacaf31c8441d12b8044cdec9aca500cd78fc2c683afca",
                "sha256:9649af414d74d4df115d5d718f82acb59c9d418196b7b4290ed47a12ce62df56"
            ],
            "version": "==0.7.5"
        },
        "pluggy": {
            "hashes": [
                "sha256:4224373bacce55f955a878bf9cfa763c1e360858e330072059e10bad68531159",
                "sha256:74134bbf457f031a36d68416e1509f34bd5ccc019f0bcc952c7b909d06b37bd3"
            ],
            "markers": "python_version >= '3.6'",
            "version": "==1.0.0"
        },
        "prompt-toolkit": {
            "hashes": [
                "sha256:46642344ce457641f28fc9d1c9ca939b63dadf8df128b86f1b9860e59c73a5e4",
                "sha256:e7f8af9e3d70f514373bf41aa51bc33af12a6db3f71461ea47fea985defb2c31",
                "sha256:f15af68f66e664eaa559d4ac8a928111eebd5feda0c11738b5998045224829db"
            ],
            "version": "==2.0.10"
        },
        "ptyprocess": {
            "hashes": [
                "sha256:4b41f3967fce3af57cc7e94b888626c18bf37a083e3651ca8feeb66d492fef35",
                "sha256:5c5d0a3b48ceee0b48485e0c26037c0acd7d29765ca3fbb5cb3831d347423220"
            ],
            "version": "==0.7.0"
        },
        "py": {
            "hashes": [
                "sha256:51c75c4126074b472f746a24399ad32f6053d1b34b68d2fa41e558e6f4a98719",
                "sha256:607c53218732647dff4acdfcd50cb62615cedf612e72d1724fb1a0cc6405b378"
            ],
            "index": "pypi",
            "version": "==1.11.0"
        },
        "pygments": {
            "hashes": [
                "sha256:56a8508ae95f98e2b9bdf93a6be5ae3f7d8af858b43e02c5a2ff083726be40c1",
                "sha256:f643f331ab57ba3c9d89212ee4a2dabc6e94f117cf4eefde99a0574720d14c42"
            ],
            "markers": "python_version >= '3.6'",
            "version": "==2.13.0"
        },
        "pytest": {
            "hashes": [
                "sha256:1d131cc532be0023ef8ae265e2a779938d0619bb6c2510f52987ffcba7fa1ee4",
                "sha256:ca4761407f1acc85ffd1609f464ca20bb71a767803505bd4127d0e45c5a50e23"
            ],
            "index": "pypi",
            "version": "==4.0.1"
        },
        "pytest-profiling": {
            "hashes": [
                "sha256:02545575fad9953de0181e697adaa6567d9de2106aa1e314263b6dd7a9f17dd3",
                "sha256:6b86a2e547bf1a70610da6568d91ed3e785d15a12151abebdd5e885fba532523",
                "sha256:ce222a8682b893467b95e48e8cfe7372cf1afd213ffe558c023fd3591ebdadd8"
            ],
            "index": "pypi",
            "version": "==1.3.0"
        },
        "pytest-pythonpath": {
            "hashes": [
                "sha256:63fc546ace7d2c845c1ee289e8f7a6362c2b6bae497d10c716e58e253e801d62"
            ],
            "index": "pypi",
            "version": "==0.7.3"
        },
        "setuptools": {
            "hashes": [
                "sha256:57f6f22bde4e042978bcd50176fdb381d7c21a9efa4041202288d3737a0c6a54",
                "sha256:a7620757bf984b58deaf32fc8a4577a9bbc0850cf92c20e1ce41c38c19e5fb75"
            ],
            "markers": "python_version >= '3.7'",
            "version": "==65.6.3"
        },
        "six": {
            "hashes": [
                "sha256:1e61c37477a1626458e36f7b1d82aa5c9b094fa4802892072e49de9c60c4c926",
                "sha256:8abb2f1d86890a2dfb989f9a77cfcfd3e47c2a354b01111771326f8aa26e0254"
            ],
            "markers": "python_version >= '2.7' and python_version not in '3.0, 3.1, 3.2, 3.3'",
            "version": "==1.16.0"
        },
        "traitlets": {
            "hashes": [
                "sha256:10b6ed1c9cedee83e795db70a8b9c2db157bb3778ec4587a349ecb7ef3b1033b",
                "sha256:1410755385d778aed847d68deb99b3ba30fbbf489e17a1e8cbb753060d5cce73"
            ],
            "markers": "python_version >= '3.7'",
            "version": "==5.6.0"
        },
        "typing-extensions": {
            "hashes": [
                "sha256:1511434bb92bf8dd198c12b1cc812e800d4181cfcb867674e0f8279cc93087aa",
                "sha256:16fa4864408f655d35ec496218b85f79b3437c829e93320c7c9215ccfd92489e"
            ],
            "markers": "python_version < '3.8'",
            "version": "==4.4.0"
        },
        "wcwidth": {
            "hashes": [
                "sha256:beb4802a9cebb9144e99086eff703a642a13d6a0052920003a230f3294bbe784",
                "sha256:c4d647b99872929fdb7bdcaa4fbe7f01413ed3d98077df798530e5b04f116c83"
            ],
            "version": "==0.2.5"
        },
        "zipp": {
            "hashes": [
                "sha256:83a28fcb75844b5c0cdaf5aa4003c2d728c77e05f5aeabe8e95e56727005fbaa",
                "sha256:a7a22e05929290a67401440b39690ae6563279bced5f314609d9d03798f56766"
            ],
            "markers": "python_version >= '3.7'",
            "version": "==3.11.0"
        }
    }
}
